
Microsoft Visual Studio Solution File, Format Version 12.00
Project("{FAE04EC0-301F-11D3-BF4B-00C04F79EFBC}") = "UnionFind", "UnionFind\UnionFind.csproj", "{89D8C56F-C46B-4CC3-AAB7-7BAAC1D98266}"
EndProject
Project("{FAE04EC0-301F-11D3-BF4B-00C04F79EFBC}") = "DisjointSet", "DisjointSet\DisjointSet.csproj", "{34B17D97-C998-49FF-A1E2-A22B8A878FDB}"
EndProject
Global
	GlobalSection(SolutionConfigurationPlatforms) = preSolution
		Debug|Any CPU = Debug|Any CPU
		Release|Any CPU = Release|Any CPU
	EndGlobalSection
	GlobalSection(ProjectConfigurationPlatforms) = postSolution
		{89D8C56F-C46B-4CC3-AAB7-7BAAC1D98266}.Debug|Any CPU.ActiveCfg = Debug|Any CPU
		{89D8C56F-C46B-4CC3-AAB7-7BAAC1D98266}.Debug|Any CPU.Build.0 = Debug|Any CPU
		{89D8C56F-C46B-4CC3-AAB7-7BAAC1D98266}.Release|Any CPU.ActiveCfg = Release|Any CPU
		{89D8C56F-C46B-4CC3-AAB7-7BAAC1D98266}.Release|Any CPU.Build.0 = Release|Any CPU
		{34B17D97-C998-49FF-A1E2-A22B8A878FDB}.Debug|Any CPU.ActiveCfg = Debug|Any CPU
		{34B17D97-C998-49FF-A1E2-A22B8A878FDB}.Debug|Any CPU.Build.0 = Debug|Any CPU
		{34B17D97-C998-49FF-A1E2-A22B8A878FDB}.Release|Any CPU.ActiveCfg = Release|Any CPU
		{34B17D97-C998-49FF-A1E2-A22B8A878FDB}.Release|Any CPU.Build.0 = Release|Any CPU
	EndGlobalSection
EndGlobal
